
Microsoft Visual Studio Solution File, Format Version 12.00
# Visual Studio Version 17
VisualStudioVersion = 17.4.33205.214
MinimumVisualStudioVersion = 10.0.40219.1
Project("{9A19103F-16F7-4668-BE54-9A1E7A4F7556}") = "Unomart", "Unomart.csproj", "{9312D3D1-640E-4222-A1EA-6A8533265086}"
EndProject
Global
	GlobalSection(SolutionConfigurationPlatforms) = preSolution
		Debug|Any CPU = Debug|Any CPU
		Release|Any CPU = Release|Any CPU
	EndGlobalSection
	GlobalSection(ProjectConfigurationPlatforms) = postSolution
		{9312D3D1-640E-4222-A1EA-6A8533265086}.Debug|Any CPU.ActiveCfg = Release|Any CPU
		{9312D3D1-640E-4222-A1EA-6A8533265086}.Debug|Any CPU.Build.0 = Release|Any CPU
		{9312D3D1-640E-4222-A1EA-6A8533265086}.Release|Any CPU.ActiveCfg = Release|Any CPU
		{9312D3D1-640E-4222-A1EA-6A8533265086}.Release|Any CPU.Build.0 = Release|Any CPU
	EndGlobalSection
	GlobalSection(SolutionProperties) = preSolution
		HideSolutionNode = FALSE
	EndGlobalSection
	GlobalSection(ExtensibilityGlobals) = postSolution
		SolutionGuid = {42E7E576-A710-474B-A70D-4A88F88981BD}
	EndGlobalSection
EndGlobal
